Microsoft Visual Studio Solution File, Format Version 12.00
# Visual Studio Version 17
VisualStudioVersion = 17.5.2.0
MinimumVisualStudioVersion = 10.0.40219.1
Project("{FAE04EC0-301F-11D3-BF4B-00C04F79EFBC}") = "KlappApp", "KlappApp.csproj", "{4F6388C8-797B-9478-024D-816CCDE4770A}"
EndProject
Global
	GlobalSection(SolutionConfigurationPlatforms) = preSolution
		Debug|Any CPU = Debug|Any CPU
		Release|Any CPU = Release|Any CPU
	EndGlobalSection
	GlobalSection(ProjectConfigurationPlatforms) = postSolution
		{4F6388C8-797B-9478-024D-816CCDE4770A}.Debug|Any CPU.ActiveCfg = Debug|Any CPU
		{4F6388C8-797B-9478-024D-816CCDE4770A}.Debug|Any CPU.Build.0 = Debug|Any CPU
		{4F6388C8-797B-9478-024D-816CCDE4770A}.Release|Any CPU.ActiveCfg = Release|Any CPU
		{4F6388C8-797B-9478-024D-816CCDE4770A}.Release|Any CPU.Build.0 = Release|Any CPU
	EndGlobalSection
	GlobalSection(SolutionProperties) = preSolution
		HideSolutionNode = FALSE
	EndGlobalSection
	GlobalSection(ExtensibilityGlobals) = postSolution
		SolutionGuid = {57D20FE9-C74C-41D6-A3A8-2BA3DDE9B606}
	EndGlobalSection
EndGlobal
