Microsoft Visual Studio Solution File, Format Version 12.00
# Visual Studio Version 17
VisualStudioVersion = 17.5.2.0
MinimumVisualStudioVersion = 10.0.40219.1
Project("{FAE04EC0-301F-11D3-BF4B-00C04F79EFBC}") = "EpostApp", "EpostApp.csproj", "{3D3FE173-0C2B-F380-97E4-363F25B3F07F}"
EndProject
Global
	GlobalSection(SolutionConfigurationPlatforms) = preSolution
		Debug|Any CPU = Debug|Any CPU
		Release|Any CPU = Release|Any CPU
	EndGlobalSection
	GlobalSection(ProjectConfigurationPlatforms) = postSolution
		{3D3FE173-0C2B-F380-97E4-363F25B3F07F}.Debug|Any CPU.ActiveCfg = Debug|Any CPU
		{3D3FE173-0C2B-F380-97E4-363F25B3F07F}.Debug|Any CPU.Build.0 = Debug|Any CPU
		{3D3FE173-0C2B-F380-97E4-363F25B3F07F}.Release|Any CPU.ActiveCfg = Release|Any CPU
		{3D3FE173-0C2B-F380-97E4-363F25B3F07F}.Release|Any CPU.Build.0 = Release|Any CPU
	EndGlobalSection
	GlobalSection(SolutionProperties) = preSolution
		HideSolutionNode = FALSE
	EndGlobalSection
	GlobalSection(ExtensibilityGlobals) = postSolution
		SolutionGuid = {A11DD3A5-4C77-4134-9F41-2409BA029D6E}
	EndGlobalSection
EndGlobal
